// !$*UTF8*$!
{
	archiveVersion = 1;
	classes = {
	};
	objectVersion = 50;
	objects = {

/* Begin PBXBuildFile section */
		602F67BF20EAD9AF00273331 /* AppDelegate.swift in Sources */ = {isa = PBXBuildFile; fileRef = 602F67BE20EAD9AF00273331 /* AppDelegate.swift */; };
		602F67C420EAD9AF00273331 /* Main.storyboard in Resources */ = {isa = PBXBuildFile; fileRef = 602F67C220EAD9AF00273331 /* Main.storyboard */; };
		602F67C620EAD9B000273331 /* Assets.xcassets in Resources */ = {isa = PBXBuildFile; fileRef = 602F67C520EAD9B000273331 /* Assets.xcassets */; };
		602F67C920EAD9B000273331 /* LaunchScreen.storyboard in Resources */ = {isa = PBXBuildFile; fileRef = 602F67C720EAD9B000273331 /* LaunchScreen.storyboard */; };
		602F67D220EAD9E200273331 /* Person.swift in Sources */ = {isa = PBXBuildFile; fileRef = 602F67D120EAD9E200273331 /* Person.swift */; };
		602F67D420EAD9EE00273331 /* PersonController.swift in Sources */ = {isa = PBXBuildFile; fileRef = 602F67D320EAD9EE00273331 /* PersonController.swift */; };
		602F67D620EAD9FF00273331 /* PersonListTableViewController.swift in Sources */ = {isa = PBXBuildFile; fileRef = 602F67D520EAD9FF00273331 /* PersonListTableViewController.swift */; };
/* End PBXBuildFile section */

/* Begin PBXFileReference section */
		602F67BB20EAD9AF00273331 /* Unit6Test.app */ = {isa = PBXFileReference; explicitFileType = wrapper.application; includeInIndex = 0; path = Unit6Test.app; sourceTree = BUILT_PRODUCTS_DIR; };
		602F67BE20EAD9AF00273331 /* AppDelegate.swift */ = {isa = PBXFileReference; lastKnownFileType = sourcecode.swift; path = AppDelegate.swift; sourceTree = "<group>"; };
		602F67C320EAD9AF00273331 /* Base */ = {isa = PBXFileReference; lastKnownFileType = file.storyboard; name = Base; path = Base.lproj/Main.storyboard; sourceTree = "<group>"; };
		602F67C520EAD9B000273331 /* Assets.xcassets */ = {isa = PBXFileReference; lastKnownFileType = folder.assetcatalog; path = Assets.xcassets; sourceTree = "<group>"; };
		602F67C820EAD9B000273331 /* Base */ = {isa = PBXFileReference; lastKnownFileType = file.storyboard; name = Base; path = Base.lproj/LaunchScreen.storyboard; sourceTree = "<group>"; };
		602F67CA20EAD9B000273331 /* Info.plist */ = {isa = PBXFileReference; lastKnownFileType = text.plist.xml; path = Info.plist; sourceTree = "<group>"; };
		602F67D120EAD9E200273331 /* Person.swift */ = {isa = PBXFileReference; lastKnownFileType = sourcecode.swift; path = Person.swift; sourceTree = "<group>"; };
		602F67D320EAD9EE00273331 /* PersonController.swift */ = {isa = PBXFileReference; lastKnownFileType = sourcecode.swift; path = PersonController.swift; sourceTree = "<group>"; };
		602F67D520EAD9FF00273331 /* PersonListTableViewController.swift */ = {isa = PBXFileReference; lastKnownFileType = sourcecode.swift; path = PersonListTableViewController.swift; sourceTree = "<group>"; };
/* End PBXFileReference section */

/* Begin PBXFrameworksBuildPhase section */
		602F67B820EAD9AF00273331 /* Frameworks */ = {
			isa = PBXFrameworksBuildPhase;
			buildActionMask = 2147483647;
			files = (
			);
			runOnlyForDeploymentPostprocessing = 0;
		};
/* End PBXFrameworksBuildPhase section */

/* Begin PBXGroup section */
		602F67B220EAD9AF00273331 = {
			isa = PBXGroup;
			children = (
				602F67BD20EAD9AF00273331 /* Unit6Test */,
				602F67BC20EAD9AF00273331 /* Products */,
			);
			sourceTree = "<group>";
		};
		602F67BC20EAD9AF00273331 /* Products */ = {
			isa = PBXGroup;
			children = (
				602F67BB20EAD9AF00273331 /* Unit6Test.app */,
			);
			name = Products;
			sourceTree = "<group>";
		};
		602F67BD20EAD9AF00273331 /* Unit6Test */ = {
			isa = PBXGroup;
			children = (
				602F67D120EAD9E200273331 /* Person.swift */,
				602F67D320EAD9EE00273331 /* PersonController.swift */,
				602F67D520EAD9FF00273331 /* PersonListTableViewController.swift */,
				602F67C220EAD9AF00273331 /* Main.storyboard */,
				602F67D020EAD9CC00273331 /* Resources */,
			);
			path = Unit6Test;
			sourceTree = "<group>";
		};
		602F67D020EAD9CC00273331 /* Resources */ = {
			isa = PBXGroup;
			children = (
				602F67BE20EAD9AF00273331 /* AppDelegate.swift */,
				602F67C520EAD9B000273331 /* Assets.xcassets */,
				602F67C720EAD9B000273331 /* LaunchScreen.storyboard */,
				602F67CA20EAD9B000273331 /* Info.plist */,
			);
			path = Resources;
			sourceTree = "<group>";
		};
/* End PBXGroup section */

/* Begin PBXNativeTarget section */
		602F67BA20EAD9AF00273331 /* Unit6Test */ = {
			isa = PBXNativeTarget;
			buildConfigurationList = 602F67CD20EAD9B000273331 /* Build configuration list for PBXNativeTarget "Unit6Test" */;
			buildPhases = (
				602F67B720EAD9AF00273331 /* Sources */,
				602F67B820EAD9AF00273331 /* Frameworks */,
				602F67B920EAD9AF00273331 /* Resources */,
			);
			buildRules = (
			);
			dependencies = (
			);
			name = Unit6Test;
			productName = Unit6Test;
			productReference = 602F67BB20EAD9AF00273331 /* Unit6Test.app */;
			productType = "com.apple.product-type.application";
		};
/* End PBXNativeTarget section */

/* Begin PBXProject section */
		602F67B320EAD9AF00273331 /* Project object */ = {
			isa = PBXProject;
			attributes = {
				LastSwiftUpdateCheck = 0940;
				LastUpgradeCheck = 0940;
				ORGANIZATIONNAME = "Seth Danner";
				TargetAttributes = {
					602F67BA20EAD9AF00273331 = {
						CreatedOnToolsVersion = 9.4.1;
					};
				};
			};
			buildConfigurationList = 602F67B620EAD9AF00273331 /* Build configuration list for PBXProject "Unit6Test" */;
			compatibilityVersion = "Xcode 9.3";
			developmentRegion = en;
			hasScannedForEncodings = 0;
			knownRegions = (
				en,
				Base,
			);
			mainGroup = 602F67B220EAD9AF00273331;
			productRefGroup = 602F67BC20EAD9AF00273331 /* Products */;
			projectDirPath = "";
			projectRoot = "";
			targets = (
				602F67BA20EAD9AF00273331 /* Unit6Test */,
			);
		};
/* End PBXProject section */

/* Begin PBXResourcesBuildPhase section */
		602F67B920EAD9AF00273331 /* Resources */ = {
			isa = PBXResourcesBuildPhase;
			buildActionMask = 2147483647;
			files = (
				602F67C920EAD9B000273331 /* LaunchScreen.storyboard in Resources */,
				602F67C620EAD9B000273331 /* Assets.xcassets in Resources */,
				602F67C420EAD9AF00273331 /* Main.storyboard in Resources */,
			);
			runOnlyForDeploymentPostprocessing = 0;
		};
/* End PBXResourcesBuildPhase section */

/* Begin PBXSourcesBuildPhase section */
		602F67B720EAD9AF00273331 /* Sources */ = {
			isa = PBXSourcesBuildPhase;
			buildActionMask = 2147483647;
			files = (
				602F67D620EAD9FF00273331 /* PersonListTableViewController.swift in Sources */,
				602F67D220EAD9E200273331 /* Person.swift in Sources */,
				602F67D420EAD9EE00273331 /* PersonController.swift in Sources */,
				602F67BF20EAD9AF00273331 /* AppDelegate.swift in Sources */,
			);
			runOnlyForDeploymentPostprocessing = 0;
		};
/* End PBXSourcesBuildPhase section */

/* Begin PBXVariantGroup section */
		602F67C220EAD9AF00273331 /* Main.storyboard */ = {
			isa = PBXVariantGroup;
			children = (
				602F67C320EAD9AF00273331 /* Base */,
			);
			name = Main.storyboard;
			sourceTree = "<group>";
		};
		602F67C720EAD9B000273331 /* LaunchScreen.storyboard */ = {
			isa = PBXVariantGroup;
			children = (
				602F67C820EAD9B000273331 /* Base */,
			);
			name = LaunchScreen.storyboard;
			sourceTree = "<group>";
		};
/* End PBXVariantGroup section */

/* Begin XCBuildConfiguration section */
		602F67CB20EAD9B000273331 /* Debug */ = {
			isa = XCBuildConfiguration;
			buildSettings = {
				ALWAYS_SEARCH_USER_PATHS = NO;
				CLANG_ANALYZER_NONNULL = YES;
				CLANG_ANALYZER_NUMBER_OBJECT_CONVERSION = YES_AGGRESSIVE;
				CLANG_CXX_LANGUAGE_STANDARD = "gnu++14";
				CLANG_CXX_LIBRARY = "libc++";
				CLANG_ENABLE_MODULES = YES;
				CLANG_ENABLE_OBJC_ARC = YES;
				CLANG_ENABLE_OBJC_WEAK = YES;
				CLANG_WARN_BLOCK_CAPTURE_AUTORELEASING = YES;
				CLANG_WARN_BOOL_CONVERSION = YES;
				CLANG_WARN_COMMA = YES;
				CLANG_WARN_CONSTANT_CONVERSION = YES;
				CLANG_WARN_DEPRECATED_OBJC_IMPLEMENTATIONS = YES;
				CLANG_WARN_DIRECT_OBJC_ISA_USAGE = YES_ERROR;
				CLANG_WARN_DOCUMENTATION_COMMENTS = YES;
				CLANG_WARN_EMPTY_BODY = YES;
				CLANG_WARN_ENUM_CONVERSION = YES;
				CLANG_WARN_INFINITE_RECURSION = YES;
				CLANG_WARN_INT_CONVERSION = YES;
				CLANG_WARN_NON_LITERAL_NULL_CONVERSION = YES;
				CLANG_WARN_OBJC_IMPLICIT_RETAIN_SELF = YES;
				CLANG_WARN_OBJC_LITERAL_CONVERSION = YES;
				CLANG_WARN_OBJC_ROOT_CLASS = YES_ERROR;
				CLANG_WARN_RANGE_LOOP_ANALYSIS = YES;
				CLANG_WARN_STRICT_PROTOTYPES = YES;
				CLANG_WARN_SUSPICIOUS_MOVE = YES;
				CLANG_WARN_UNGUARDED_AVAILABILITY = YES_AGGRESSIVE;
				CLANG_WARN_UNREACHABLE_CODE = YES;
				CLANG_WARN__DUPLICATE_METHOD_MATCH = YES;
				CODE_SIGN_IDENTITY = "iPhone Developer";
				COPY_PHASE_STRIP = NO;
				DEBUG_INFORMATION_FORMAT = dwarf;
				ENABLE_STRICT_OBJC_MSGSEND = YES;
				ENABLE_TESTABILITY = YES;
				GCC_C_LANGUAGE_STANDARD = gnu11;
				GCC_DYNAMIC_NO_PIC = NO;
				GCC_NO_COMMON_BLOCKS = YES;
				GCC_OPTIMIZATION_LEVEL = 0;
				GCC_PREPROCESSOR_DEFINITIONS = (
					"DEBUG=1",
					"$(inherited)",
				);
				GCC_WARN_64_TO_32_BIT_CONVERSION = YES;
				GCC_WARN_ABOUT_RETURN_TYPE = YES_ERROR;
				GCC_WARN_UNDECLARED_SELECTOR = YES;
				GCC_WARN_UNINITIALIZED_AUTOS = YES_AGGRESSIVE;
				GCC_WARN_UNUSED_FUNCTION = YES;
				GCC_WARN_UNUSED_VARIABLE = YES;
				IPHONEOS_DEPLOYMENT_TARGET = 11.4;
				MTL_ENABLE_DEBUG_INFO = YES;
				ONLY_ACTIVE_ARCH = YES;
				SDKROOT = iphoneos;
				SWIFT_ACTIVE_COMPILATION_CONDITIONS = DEBUG;
				SWIFT_OPTIMIZATION_LEVEL = "-Onone";
			};
			name = Debug;
		};
		602F67CC20EAD9B000273331 /* Release */ = {
			isa = XCBuildConfiguration;
			buildSettings = {
				ALWAYS_SEARCH_USER_PATHS = NO;
				CLANG_ANALYZER_NONNULL = YES;
				CLANG_ANALYZER_NUMBER_OBJECT_CONVERSION = YES_AGGRESSIVE;
				CLANG_CXX_LANGUAGE_STANDARD = "gnu++14";
				CLANG_CXX_LIBRARY = "libc++";
				CLANG_ENABLE_MODULES = YES;
				CLANG_ENABLE_OBJC_ARC = YES;
				CLANG_ENABLE_OBJC_WEAK = YES;
				CLANG_WARN_BLOCK_CAPTURE_AUTORELEASING = YES;
				CLANG_WARN_BOOL_CONVERSION = YES;
				CLANG_WARN_COMMA = YES;
				CLANG_WARN_CONSTANT_CONVERSION = YES;
				CLANG_WARN_DEPRECATED_OBJC_IMPLEMENTATIONS = YES;
				CLANG_WARN_DIRECT_OBJC_ISA_USAGE = YES_ERROR;
				CLANG_WARN_DOCUMENTATION_COMMENTS = YES;
				CLANG_WARN_EMPTY_BODY = YES;
				CLANG_WARN_ENUM_CONVERSION = YES;
				CLANG_WARN_INFINITE_RECURSION = YES;
				CLANG_WARN_INT_CONVERSION = YES;
				CLANG_WARN_NON_LITERAL_NULL_CONVERSION = YES;
				CLANG_WARN_OBJC_IMPLICIT_RETAIN_SELF = YES;
				CLANG_WARN_OBJC_LITERAL_CONVERSION = YES;
				CLANG_WARN_OBJC_ROOT_CLASS = YES_ERROR;
				CLANG_WARN_RANGE_LOOP_ANALYSIS = YES;
				CLANG_WARN_STRICT_PROTOTYPES = YES;
				CLANG_WARN_SUSPICIOUS_MOVE = YES;
				CLANG_WARN_UNGUARDED_AVAILABILITY = YES_AGGRESSIVE;
				CLANG_WARN_UNREACHABLE_CODE = YES;
				CLANG_WARN__DUPLICATE_METHOD_MATCH = YES;
				CODE_SIGN_IDENTITY = "iPhone Developer";
				COPY_PHASE_STRIP = NO;
				DEBUG_INFORMATION_FORMAT = "dwarf-with-dsym";
				ENABLE_NS_ASSERTIONS = NO;
				ENABLE_STRICT_OBJC_MSGSEND = YES;
				GCC_C_LANGUAGE_STANDARD = gnu11;
				GCC_NO_COMMON_BLOCKS = YES;
				GCC_WARN_64_TO_32_BIT_CONVERSION = YES;
				GCC_WARN_ABOUT_RETURN_TYPE = YES_ERROR;
				GCC_WARN_UNDECLARED_SELECTOR = YES;
				GCC_WARN_UNINITIALIZED_AUTOS = YES_AGGRESSIVE;
				GCC_WARN_UNUSED_FUNCTION = YES;
				GCC_WARN_UNUSED_VARIABLE = YES;
				IPHONEOS_DEPLOYMENT_TARGET = 11.4;
				MTL_ENABLE_DEBUG_INFO = NO;
				SDKROOT = iphoneos;
				SWIFT_COMPILATION_MODE = wholemodule;
				SWIFT_OPTIMIZATION_LEVEL = "-O";
				VALIDATE_PRODUCT = YES;
			};
			name = Release;
		};
		602F67CE20EAD9B000273331 /* Debug */ = {
			isa = XCBuildConfiguration;
			buildSettings = {
				ASSETCATALOG_COMPILER_APPICON_NAME = AppIcon;
				CODE_SIGN_STYLE = Automatic;
				DEVELOPMENT_TEAM = 9KP8U9QDYN;
				INFOPLIST_FILE = "$(SRCROOT)/Unit6Test/Resources/Info.plist";
				LD_RUNPATH_SEARCH_PATHS = (
					"$(inherited)",
					"@executable_path/Frameworks",
				);
				PRODUCT_BUNDLE_IDENTIFIER = com.SethDanner.Unit6Test;
				PRODUCT_NAME = "$(TARGET_NAME)";
				SWIFT_VERSION = 4.0;
				TARGETED_DEVICE_FAMILY = "1,2";
			};
			name = Debug;
		};
		602F67CF20EAD9B000273331 /* Release */ = {
			isa = XCBuildConfiguration;
			buildSettings = {
				ASSETCATALOG_COMPILER_APPICON_NAME = AppIcon;
				CODE_SIGN_STYLE = Automatic;
				DEVELOPMENT_TEAM = 9KP8U9QDYN;
				INFOPLIST_FILE = "$(SRCROOT)/Unit6Test/Resources/Info.plist";
				LD_RUNPATH_SEARCH_PATHS = (
					"$(inherited)",
					"@executable_path/Frameworks",
				);
				PRODUCT_BUNDLE_IDENTIFIER = com.SethDanner.Unit6Test;
				PRODUCT_NAME = "$(TARGET_NAME)";
				SWIFT_VERSION = 4.0;
				TARGETED_DEVICE_FAMILY = "1,2";
			};
			name = Release;
		};
/* End XCBuildConfiguration section */

/* Begin XCConfigurationList section */
		602F67B620EAD9AF00273331 /* Build configuration list for PBXProject "Unit6Test" */ = {
			isa = XCConfigurationList;
			buildConfigurations = (
				602F67CB20EAD9B000273331 /* Debug */,
				602F67CC20EAD9B000273331 /* Release */,
			);
			defaultConfigurationIsVisible = 0;
			defaultConfigurationName = Release;
		};
		602F67CD20EAD9B000273331 /* Build configuration list for PBXNativeTarget "Unit6Test" */ = {
			isa = XCConfigurationList;
			buildConfigurations = (
				602F67CE20EAD9B000273331 /* Debug */,
				602F67CF20EAD9B000273331 /* Release */,
			);
			defaultConfigurationIsVisible = 0;
			defaultConfigurationName = Release;
		};
/* End XCConfigurationList section */
	};
	rootObject = 602F67B320EAD9AF00273331 /* Project object */;
}
